{
    "requires": true,
    "lockfileVersion": 1,
    "dependencies": {
        "@babel/runtime": {
            "version": "7.13.10",
            "resolved": "https://registry.npmjs.org/@babel/runtime/-/runtime-7.13.10.tgz",
            "integrity": "sha512-4QPkjJq6Ns3V/RgpEahRk+AGfL0eO6RHHtTWoNNr5mO49G6B5+X6d6THgWEAvTrznU5xYpbAlVKRYcsCgh/Akw==",
            "requires": {
                "regenerator-runtime": "^0.13.4"
            }
        },
        "@types/prop-types": {
            "version": "15.7.3",
            "resolved": "https://registry.npmjs.org/@types/prop-types/-/prop-types-15.7.3.tgz",
            "integrity": "sha512-KfRL3PuHmqQLOG+2tGpRO26Ctg+Cq1E01D2DMriKEATHgWLfeNDmq9e29Q9WIky0dQ3NPkd1mzYH8Lm936Z9qw=="
        },
        "@types/react-calendar": {
            "version": "3.1.4",
            "resolved": "https://registry.npmjs.org/@types/react-calendar/-/react-calendar-3.1.4.tgz",
            "integrity": "sha512-7yDdyPnNaKqOIp97NmPhDxaXb7pBSag+pYWBtt+vBJyyqqiMMtXzv5bdEWjVN7AWmfWdmzGsP8kg+TzvGvwwQg=="
        },
        "@types/scheduler": {
            "version": "0.16.1",
            "resolved": "https://registry.npmjs.org/@types/scheduler/-/scheduler-0.16.1.tgz",
            "integrity": "sha512-EaCxbanVeyxDRTQBkdLb3Bvl/HK7PBK6UJjsSixB0iHKoWxE5uu2Q/DgtpOhPIojN0Zl1whvOd7PoHs2P0s5eA=="
        },
        "@wojtekmaj/date-utils": {
            "version": "1.0.3",
            "resolved": "https://registry.npmjs.org/@wojtekmaj/date-utils/-/date-utils-1.0.3.tgz",
            "integrity": "sha512-1VPkkTBk07gMR1fjpBtse4G+oJqpmE+0gUFB0dg3VIL7qJmUVaBoD/vlzMm/jNeOPfvlmerl1lpnsZyBUFIRuw=="
        },
        "amdefine": {
            "version": "1.0.1",
            "resolved": "https://registry.npmjs.org/amdefine/-/amdefine-1.0.1.tgz",
            "integrity": "sha1-SlKCrBZHKek2Gbz9OtFR+BfOkfU="
        },
        "ast-transform": {
            "version": "0.0.0",
            "resolved": "https://registry.npmjs.org/ast-transform/-/ast-transform-0.0.0.tgz",
            "integrity": "sha1-dJRAWIh9goPhidlUYAlHvJj+AGI=",
            "requires": {
                "escodegen": "~1.2.0",
                "esprima": "~1.0.4",
                "through": "~2.3.4"
            }
        },
        "ast-types": {
            "version": "0.7.8",
            "resolved": "https://registry.npmjs.org/ast-types/-/ast-types-0.7.8.tgz",
            "integrity": "sha1-kC0uDWDQcb3NRtwRXhgJ7RHBOKk="
        },
        "browser-resolve": {
            "version": "1.11.3",
            "resolved": "https://registry.npmjs.org/browser-resolve/-/browser-resolve-1.11.3.tgz",
            "integrity": "sha512-exDi1BYWB/6raKHmDTCicQfTkqwN5fioMFV4j8BsfMU4R2DK/QfZfK7kOVkmWCNANf0snkBzqGqAJBao9gZMdQ==",
            "requires": {
                "resolve": "1.1.7"
            }
        },
        "browserify-optional": {
            "version": "1.0.1",
            "resolved": "https://registry.npmjs.org/browserify-optional/-/browserify-optional-1.0.1.tgz",
            "integrity": "sha1-HhNyLP3g2F8SFnbCpyztUzoBiGk=",
            "requires": {
                "ast-transform": "0.0.0",
                "ast-types": "^0.7.0",
                "browser-resolve": "^1.8.1"
            }
        },
        "classnames": {
            "version": "2.2.6",
            "resolved": "https://registry.npmjs.org/classnames/-/classnames-2.2.6.tgz",
            "integrity": "sha512-JR/iSQOSt+LQIWwrwEzJ9uk0xfN3mTVYMwt1Ir5mUcSN6pU+V4zQFFaJsclJbPuAUQH+yfWef6tm7l1quW3C8Q=="
        },
        "clsx": {
            "version": "1.1.1",
            "resolved": "https://registry.npmjs.org/clsx/-/clsx-1.1.1.tgz",
            "integrity": "sha512-6/bPho624p3S2pMyvP5kKBPXnI3ufHLObBFCfgx+LkeR5lg2XYy2hqZqUf45ypD8COn2bhgGJSUE+l5dhNBieA=="
        },
        "csstype": {
            "version": "3.0.7",
            "resolved": "https://registry.npmjs.org/csstype/-/csstype-3.0.7.tgz",
            "integrity": "sha512-KxnUB0ZMlnUWCsx2Z8MUsr6qV6ja1w9ArPErJaJaF8a5SOWoHLIszeCTKGRGRgtLgYrs1E8CHkNSP1VZTTPc9g=="
        },
        "date-utils": {
            "version": "1.2.21",
            "resolved": "https://registry.npmjs.org/date-utils/-/date-utils-1.2.21.tgz",
            "integrity": "sha1-YfsWzcEnSzyayq/+n8ad+HIKK2Q="
        },
        "debug": {
            "version": "2.6.9",
            "resolved": "https://registry.npmjs.org/debug/-/debug-2.6.9.tgz",
            "integrity": "sha512-bC7ElrdJaJnPbAP+1EotYvqZsb3ecl5wi6Bfi6BJTUcNowp6cvspg0jXznRTKDjm/E7AdgFBVeAPVMNcKGsHMA==",
            "requires": {
                "ms": "2.0.0"
            }
        },
        "deep-freeze": {
            "version": "0.0.1",
            "resolved": "https://registry.npmjs.org/deep-freeze/-/deep-freeze-0.0.1.tgz",
            "integrity": "sha1-OgsABd4YZygZ39OM0x+RF5yJPoQ="
        },
        "deepmerge": {
            "version": "2.2.1",
            "resolved": "https://registry.npmjs.org/deepmerge/-/deepmerge-2.2.1.tgz",
            "integrity": "sha512-R9hc1Xa/NOBi9WRVUWg19rl1UB7Tt4kuPd+thNJgFZoxXsTz7ncaPaeIm+40oSGuP33DfMb4sZt1QIGiJzC4EA=="
        },
        "detect-element-overflow": {
            "version": "1.2.0",
            "resolved": "https://registry.npmjs.org/detect-element-overflow/-/detect-element-overflow-1.2.0.tgz",
            "integrity": "sha512-Jtr9ivYPhpd9OJux+hjL0QjUKiS1Ghgy8tvIufUjFslQgIWvgGr4mn57H190APbKkiOmXnmtMI6ytaKzMusecg=="
        },
        "equals": {
            "version": "1.0.5",
            "resolved": "https://registry.npmjs.org/equals/-/equals-1.0.5.tgz",
            "integrity": "sha1-ISBi3eXhpRDZVfE1mO/MamIbas4=",
            "requires": {
                "jkroso-type": "1"
            }
        },
        "escodegen": {
            "version": "1.2.0",
            "resolved": "https://registry.npmjs.org/escodegen/-/escodegen-1.2.0.tgz",
            "integrity": "sha1-Cd55Z3kcyVi3+Jot220jRRrzJ+E=",
            "requires": {
                "esprima": "~1.0.4",
                "estraverse": "~1.5.0",
                "esutils": "~1.0.0",
                "source-map": "~0.1.30"
            }
        },
        "esprima": {
            "version": "1.0.4",
            "resolved": "https://registry.npmjs.org/esprima/-/esprima-1.0.4.tgz",
            "integrity": "sha1-n1V+CPw7TSbs6d00+Pv0drYlha0="
        },
        "estraverse": {
            "version": "1.5.1",
            "resolved": "https://registry.npmjs.org/estraverse/-/estraverse-1.5.1.tgz",
            "integrity": "sha1-hno+jlip+EYYr7bC3bzZFrfLr3E="
        },
        "esutils": {
            "version": "1.0.0",
            "resolved": "https://registry.npmjs.org/esutils/-/esutils-1.0.0.tgz",
            "integrity": "sha1-gVHTWOIMisx/t0XnRywAJf5JZXA="
        },
        "eve": {
            "version": "0.5.4",
            "resolved": "https://registry.npmjs.org/eve/-/eve-0.5.4.tgz",
            "integrity": "sha1-Z9CAuXJSkdfjieNMJoYN2X8d66o="
        },
        "get-user-locale": {
            "version": "1.4.0",
            "resolved": "https://registry.npmjs.org/get-user-locale/-/get-user-locale-1.4.0.tgz",
            "integrity": "sha512-gQo03lP1OArHLKlnoglqrGGl7b04u2EP9Xutmp72cMdtrrSD7ZgIsCsUKZynYWLDkVJW33Cj3pliP7uP0UonHQ==",
            "requires": {
                "lodash.once": "^4.1.1"
            }
        },
        "html-parse-stringify2": {
            "version": "2.0.1",
            "resolved": "https://registry.npmjs.org/html-parse-stringify2/-/html-parse-stringify2-2.0.1.tgz",
            "integrity": "sha1-3FZwtyksoVi3vJFsmmc1rIhyg0o=",
            "requires": {
                "void-elements": "^2.0.1"
            }
        },
        "i18next": {
            "version": "20.1.0",
            "resolved": "https://registry.npmjs.org/i18next/-/i18next-20.1.0.tgz",
            "integrity": "sha512-sV+ZwTM4Ik4d6wKdwNS/ocKmvXi6DFA/YHMgdQX3i4L5993jnbo1/j1pK/c4+zBOjexer4dt+c5JHsFj4CUoXQ==",
            "requires": {
                "@babel/runtime": "^7.12.0"
            }
        },
        "i18next-browser-languagedetector": {
            "version": "6.1.0",
            "resolved": "https://registry.npmjs.org/i18next-browser-languagedetector/-/i18next-browser-languagedetector-6.1.0.tgz",
            "integrity": "sha512-NXbr/qPqkg6VyUwPrzmVOAafqIk1zdjzhYVxZWoSi338XEGmuOeroEglLdR8nJUJcf5BfOSHva80tqCPwXFTFQ==",
            "requires": {
                "@babel/runtime": "^7.5.5"
            }
        },
        "jkroso-type": {
            "version": "1.1.1",
            "resolved": "https://registry.npmjs.org/jkroso-type/-/jkroso-type-1.1.1.tgz",
            "integrity": "sha1-vEztbWxF/gdFKCuvyGqfjE/JzmE="
        },
        "js-cookie": {
            "version": "2.2.1",
            "resolved": "https://registry.npmjs.org/js-cookie/-/js-cookie-2.2.1.tgz",
            "integrity": "sha512-HvdH2LzI/EAZcUwA8+0nKNtWHqS+ZmijLA30RwZA0bo7ToCckjK5MkGhjED9KoRcXO6BaGI3I9UIzSA1FKFPOQ=="
        },
        "js-tokens": {
            "version": "4.0.0",
            "resolved": "https://registry.npmjs.org/js-tokens/-/js-tokens-4.0.0.tgz",
            "integrity": "sha512-RdJUflcE3cUzKiMqQgsCu06FPu9UdIJO0beYbPhHN4k6apgJtifcoCtT9bcxOpYBtpD2kCM6Sbzg4CausW/PKQ=="
        },
        "jsonp": {
            "version": "0.2.1",
            "resolved": "https://registry.npmjs.org/jsonp/-/jsonp-0.2.1.tgz",
            "integrity": "sha1-pltPoPEL2nGaBUQep7lMVfPhW64=",
            "requires": {
                "debug": "^2.1.3"
            }
        },
        "lodash.debounce": {
            "version": "4.0.8",
            "resolved": "https://registry.npmjs.org/lodash.debounce/-/lodash.debounce-4.0.8.tgz",
            "integrity": "sha1-gteb/zCmfEAF/9XiUVMArZyk168="
        },
        "lodash.isequal": {
            "version": "4.5.0",
            "resolved": "https://registry.npmjs.org/lodash.isequal/-/lodash.isequal-4.5.0.tgz",
            "integrity": "sha1-QVxEePK8wwEgwizhDtMib30+GOA="
        },
        "lodash.once": {
            "version": "4.1.1",
            "resolved": "https://registry.npmjs.org/lodash.once/-/lodash.once-4.1.1.tgz",
            "integrity": "sha1-DdOXEhPHxW34gJd9UEyI+0cal6w="
        },
        "lodash.throttle": {
            "version": "4.1.1",
            "resolved": "https://registry.npmjs.org/lodash.throttle/-/lodash.throttle-4.1.1.tgz",
            "integrity": "sha1-wj6RtxAkKscMN/HhzaknTMOb8vQ="
        },
        "loose-envify": {
            "version": "1.4.0",
            "resolved": "https://registry.npmjs.org/loose-envify/-/loose-envify-1.4.0.tgz",
            "integrity": "sha512-lyuxPGr/Wfhrlem2CL/UcnUc1zcqKAImBDzukY7Y5F/yQiNdko6+fRLevlw1HgMySw7f611UIY408EtxRSoK3Q==",
            "requires": {
                "js-tokens": "^3.0.0 || ^4.0.0"
            }
        },
        "make-event-props": {
            "version": "1.2.0",
            "resolved": "https://registry.npmjs.org/make-event-props/-/make-event-props-1.2.0.tgz",
            "integrity": "sha512-BmWFkm/jZzVH9A0tEBdkjAARUz/eha+5IRyfOndeSMKRadkgR5DawoBHoRwLxkYmjJOI5bHkXKpaZocxj+dKgg=="
        },
        "merge-class-names": {
            "version": "1.4.0",
            "resolved": "https://registry.npmjs.org/merge-class-names/-/merge-class-names-1.4.0.tgz",
            "integrity": "sha512-xNdBM7s+6uD+vNZJEymqrFbMBCDGzoA8clZTcj2F1XIy1QQKF+wjFVv7iDZFfdCBnViTdt54A4Ye2lmBsXrBjQ=="
        },
        "ms": {
            "version": "2.0.0",
            "resolved": "https://registry.npmjs.org/ms/-/ms-2.0.0.tgz",
            "integrity": "sha1-VgiurfwAvmwpAd9fmGF4jeDVl8g="
        },
        "object-assign": {
            "version": "4.1.1",
            "resolved": "https://registry.npmjs.org/object-assign/-/object-assign-4.1.1.tgz",
            "integrity": "sha1-IQmtx5ZYh8/AXLvUQsrIv7s2CGM="
        },
        "prop-types": {
            "version": "15.7.2",
            "resolved": "https://registry.npmjs.org/prop-types/-/prop-types-15.7.2.tgz",
            "integrity": "sha512-8QQikdH7//R2vurIJSutZ1smHYTcLpRWEOlHnzcWHmBYrOGUysKwSsrC89BCiFj3CbrfJ/nXFdJepOVrY1GCHQ==",
            "requires": {
                "loose-envify": "^1.4.0",
                "object-assign": "^4.1.1",
                "react-is": "^16.8.1"
            }
        },
        "pure-react-carousel": {
            "version": "1.27.6",
            "resolved": "https://registry.npmjs.org/pure-react-carousel/-/pure-react-carousel-1.27.6.tgz",
            "integrity": "sha512-k5ueXSL2Of4OyyfoJJwAJ0X3VY0n7pYfuamq+hMTYNV7eEF1iNrPVsjvmpTtMjaKsLyM6SkmSpP2XWQcvaFIGw==",
            "requires": {
                "@babel/runtime": "^7.5.5",
                "deep-freeze": "0.0.1",
                "deepmerge": "^2.2.1",
                "equals": "^1.0.5",
                "prop-types": "^15.6.2"
            }
        },
        "react-anchor-link-smooth-scroll": {
            "version": "1.0.12",
            "resolved": "https://registry.npmjs.org/react-anchor-link-smooth-scroll/-/react-anchor-link-smooth-scroll-1.0.12.tgz",
            "integrity": "sha512-aaY+9X0yh8YnC0jBfoTKpsiCLdO/Y6pCltww+VB+NnTBPDOvnIdnp1AlazajsDitc1j+cVSQ+yNtaVeTIMQbxw=="
        },
        "react-burger-menu": {
            "version": "3.0.6",
            "resolved": "https://registry.npmjs.org/react-burger-menu/-/react-burger-menu-3.0.6.tgz",
            "integrity": "sha512-Xikyl8VRkQBOyFVoMKpbScTLG6LlW64rajiquyCGwtpPswrDxaifusKckzTWAOH0At40Boguhj5lXq451NO0LA==",
            "requires": {
                "browserify-optional": "^1.0.0",
                "classnames": "^2.2.6",
                "eve": "~0.5.1",
                "prop-types": "^15.7.2",
                "snapsvg-cjs": "0.0.6"
            }
        },
        "react-calendar": {
            "version": "3.3.1",
            "resolved": "https://registry.npmjs.org/react-calendar/-/react-calendar-3.3.1.tgz",
            "integrity": "sha512-iDIrhE0ABz3mChAIvA+5d2UtQGEb5oaUpLiEbrRdWHBYb45MhsbO59pG9HIy2uTdHkBF/nvzRV2JBmMfdg/0Qg==",
            "requires": {
                "@wojtekmaj/date-utils": "^1.0.2",
                "get-user-locale": "^1.2.0",
                "merge-class-names": "^1.1.1",
                "prop-types": "^15.6.0"
            }
        },
        "react-cookie-consent": {
            "version": "6.2.3",
            "resolved": "https://registry.npmjs.org/react-cookie-consent/-/react-cookie-consent-6.2.3.tgz",
            "integrity": "sha512-PCagmezwHF0oEqORcY6jWlbwUeu1u1zFFi3gc9TL7H4bTk4qR2uLFBKKVVN5gfScTLwdoJtH8sMbgj/cOmUn0A==",
            "requires": {
                "js-cookie": "^2.2.1",
                "prop-types": "^15.7.2"
            }
        },
        "react-date-picker": {
            "version": "8.1.1",
            "resolved": "https://registry.npmjs.org/react-date-picker/-/react-date-picker-8.1.1.tgz",
            "integrity": "sha512-kFhn+uSJML+EuROvR6qLYU5G3wsxrdB2K1ugh1t6HjJCjphE6ot85jb8THWebqWEcQi07pLseU7ZFpzKDD3A6A==",
            "requires": {
                "@types/react-calendar": "^3.0.0",
                "@wojtekmaj/date-utils": "^1.0.3",
                "get-user-locale": "^1.2.0",
                "make-event-props": "^1.1.0",
                "merge-class-names": "^1.1.1",
                "prop-types": "^15.6.0",
                "react-calendar": "^3.3.1",
                "react-fit": "^1.0.3",
                "update-input-width": "^1.1.1"
            }
        },
        "react-debounce-input": {
            "version": "3.2.3",
            "resolved": "https://registry.npmjs.org/react-debounce-input/-/react-debounce-input-3.2.3.tgz",
            "integrity": "sha512-7Bfjm9sxrtgB+IsSrdXoo4CVqKg7CbWC68dNhr8q7ZmY6C0AqtR524//SenHQWT+eeSG9DmSLWNWCUFSyaaWSQ==",
            "requires": {
                "lodash.debounce": "^4",
                "prop-types": "^15.7.2"
            }
        },
        "react-easy-swipe": {
            "version": "0.0.21",
            "resolved": "https://registry.npmjs.org/react-easy-swipe/-/react-easy-swipe-0.0.21.tgz",
            "integrity": "sha512-OeR2jAxdoqUMHIn/nS9fgreI5hSpgGoL5ezdal4+oO7YSSgJR8ga+PkYGJrSrJ9MKlPcQjMQXnketrD7WNmNsg==",
            "requires": {
                "prop-types": "^15.5.8"
            }
        },
        "react-fit": {
            "version": "1.3.1",
            "resolved": "https://registry.npmjs.org/react-fit/-/react-fit-1.3.1.tgz",
            "integrity": "sha512-MmVk/SXyVbxiz9peAeD7fWxFdGLoy/sCxte01M3w74regPIVkLqc2yT0wUAGRd1MNP1fQ40MqYKNBLpbK/aI1w==",
            "requires": {
                "detect-element-overflow": "^1.2.0",
                "prop-types": "^15.6.0"
            }
        },
        "react-flip-move": {
            "version": "3.0.4",
            "resolved": "https://registry.npmjs.org/react-flip-move/-/react-flip-move-3.0.4.tgz",
            "integrity": "sha512-HyUVv9g3t/BS7Yz9HgrtYSWyRNdR2F81nkj+C5iRY675AwlqCLB5JU9mnZWg0cdVz7IM4iquoyZx70vzZv3Z8Q=="
        },
        "react-i18next": {
            "version": "11.8.12",
            "resolved": "https://registry.npmjs.org/react-i18next/-/react-i18next-11.8.12.tgz",
            "integrity": "sha512-M2PSVP9MzT/7yofXfCOF5gAVotinrM4BXWiguk8uFSznJsfFzTjrp3K9CBWcXitpoCBVZGZJ2AnbaWGSNkJqfw==",
            "requires": {
                "@babel/runtime": "^7.13.6",
                "html-parse-stringify2": "^2.0.1"
            }
        },
        "react-image-select-pv": {
            "version": "2.2.1",
            "resolved": "https://registry.npmjs.org/react-image-select-pv/-/react-image-select-pv-2.2.1.tgz",
            "integrity": "sha512-VZ454vdPeuCdB7VGwA27l8d4srxlpMAWhi2rTZPhlulG0qLWA93N8TEaAXajbVFUcATIi6lbniiVky+9xeu79w==",
            "requires": {
                "prop-types": "^15.6.0"
            }
        },
        "react-is": {
            "version": "16.13.1",
            "resolved": "https://registry.npmjs.org/react-is/-/react-is-16.13.1.tgz",
            "integrity": "sha512-24e6ynE2H+OKt4kqsOvNd8kBpV65zoxbA4BVsEOB3ARVWQki/DHzaUoC5KuON/BiccDaCCTZBuOcfZs70kR8bQ=="
        },
        "react-loading": {
            "version": "2.0.3",
            "resolved": "https://registry.npmjs.org/react-loading/-/react-loading-2.0.3.tgz",
            "integrity": "sha512-Vdqy79zq+bpeWJqC+xjltUjuGApyoItPgL0vgVfcJHhqwU7bAMKzysfGW/ADu6i0z0JiOCRJjo+IkFNkRNbA3A=="
        },
        "react-multi-carousel": {
            "version": "2.6.2",
            "resolved": "https://registry.npmjs.org/react-multi-carousel/-/react-multi-carousel-2.6.2.tgz",
            "integrity": "sha512-qSrupBGazqYS/LVQAUCWiEAPhCrO0QufP5PcpDCA6Klig3egdNMwIdkkoU6Xlm9zEQ/hFp57bNr7F4sd0ANLyA=="
        },
        "react-responsive-carousel": {
            "version": "3.2.18",
            "resolved": "https://registry.npmjs.org/react-responsive-carousel/-/react-responsive-carousel-3.2.18.tgz",
            "integrity": "sha512-A6eXp/HofjZ8p23Q/b25dqtokHFFXKhKKn82ZJkCI0edxjtAUid8SImr8rHp0rRi9aEYXej3ynWOzaUHFE4RKA==",
            "requires": {
                "classnames": "^2.2.5",
                "prop-types": "^15.5.8",
                "react-easy-swipe": "^0.0.21"
            }
        },
        "react-share": {
            "version": "4.4.0",
            "resolved": "https://registry.npmjs.org/react-share/-/react-share-4.4.0.tgz",
            "integrity": "sha512-POe8Ge/JT9Ew9iyW7CiYsCCWCb8uMJWqFl9S7W0fJ/oH5gBJNzukH0bL5vSr17KKG5h15d3GfKaoviI22BKeYA==",
            "requires": {
                "classnames": "^2.2.5",
                "jsonp": "^0.2.1"
            }
        },
        "react-socks": {
            "version": "2.1.0",
            "resolved": "https://registry.npmjs.org/react-socks/-/react-socks-2.1.0.tgz",
            "integrity": "sha512-6XmihWnTDXD3/w4x1k+TKKRbO9Y8WVVFx4jgpxVIU4k5g4GkC2DJc/oHuHQee7MngM+dHTeYBS5tDoujeBrkMQ=="
        },
        "react-swipeable": {
            "version": "5.5.1",
            "resolved": "https://registry.npmjs.org/react-swipeable/-/react-swipeable-5.5.1.tgz",
            "integrity": "sha512-EQObuU3Qg3JdX3WxOn5reZvOSCpU4fwpUAs+NlXSN3y+qtsO2r8VGkVnOQzmByt3BSYj9EWYdUOUfi7vaMdZZw==",
            "requires": {
                "prop-types": "^15.6.2"
            }
        },
        "react-text-filter": {
            "version": "3.0.2",
            "resolved": "https://registry.npmjs.org/react-text-filter/-/react-text-filter-3.0.2.tgz",
            "integrity": "sha512-OcmOWr9ayZRKHXTEAKNjZveWURVuvD66gyE9+pygYZ6pz+X3d2SO43XJRfy7HrLTcKgo1F6WE7AxkDHK6a5Wlw==",
            "requires": {
                "prop-types": "^15.6.0",
                "react-debounce-input": "^3.0.1"
            }
        },
        "regenerator-runtime": {
            "version": "0.13.7",
            "resolved": "https://registry.npmjs.org/regenerator-runtime/-/regenerator-runtime-0.13.7.tgz",
            "integrity": "sha512-a54FxoJDIr27pgf7IgeQGxmqUNYrcV338lf/6gH456HZ/PhX+5BcwHXG9ajESmwe6WRO0tAzRUrRmNONWgkrew=="
        },
        "resize-observer-polyfill": {
            "version": "1.5.1",
            "resolved": "https://registry.npmjs.org/resize-observer-polyfill/-/resize-observer-polyfill-1.5.1.tgz",
            "integrity": "sha512-LwZrotdHOo12nQuZlHEmtuXdqGoOD0OhaxopaNFxWzInpEgaLWoVuAMbTzixuosCx2nEG58ngzW3vxdWoxIgdg=="
        },
        "resolve": {
            "version": "1.1.7",
            "resolved": "https://registry.npmjs.org/resolve/-/resolve-1.1.7.tgz",
            "integrity": "sha1-IDEU2CrSxe2ejgQRs5ModeiJ6Xs="
        },
        "scheduler": {
            "version": "0.20.2",
            "resolved": "https://registry.npmjs.org/scheduler/-/scheduler-0.20.2.tgz",
            "integrity": "sha512-2eWfGgAqqWFGqtdMmcL5zCMK1U8KlXv8SQFGglL3CEtd0aDVDWgeF/YoCmvln55m5zSk3J/20hTaSBeSObsQDQ==",
            "requires": {
                "loose-envify": "^1.1.0",
                "object-assign": "^4.1.1"
            }
        },
        "snapsvg": {
            "version": "0.5.1",
            "resolved": "https://registry.npmjs.org/snapsvg/-/snapsvg-0.5.1.tgz",
            "integrity": "sha1-DK9Sx5GJopB0b8RGzF6GP2vd3+M=",
            "requires": {
                "eve": "~0.5.1"
            }
        },
        "snapsvg-cjs": {
            "version": "0.0.6",
            "resolved": "https://registry.npmjs.org/snapsvg-cjs/-/snapsvg-cjs-0.0.6.tgz",
            "integrity": "sha1-Oy9WryVz09Nkw+1b+IhXRfTS3eE=",
            "requires": {
                "snapsvg": "0.5.1"
            }
        },
        "source-map": {
            "version": "0.1.43",
            "resolved": "https://registry.npmjs.org/source-map/-/source-map-0.1.43.tgz",
            "integrity": "sha1-wkvBRspRfBRx9drL4lcbK3+eM0Y=",
            "requires": {
                "amdefine": ">=0.0.4"
            }
        },
        "through": {
            "version": "2.3.8",
            "resolved": "https://registry.npmjs.org/through/-/through-2.3.8.tgz",
            "integrity": "sha1-DdTJ/6q8NXlgsbckEV1+Doai4fU="
        },
        "update-input-width": {
            "version": "1.2.1",
            "resolved": "https://registry.npmjs.org/update-input-width/-/update-input-width-1.2.1.tgz",
            "integrity": "sha512-zygDshqDb2C2/kgfoD423n5htv/3OBF7aTaz2u2zZy998EJki8njOHOeZjKEd8XSYeDziIX1JXfMsKaIRJeJ/Q=="
        },
        "void-elements": {
            "version": "2.0.1",
            "resolved": "https://registry.npmjs.org/void-elements/-/void-elements-2.0.1.tgz",
            "integrity": "sha1-wGavtYK7HLQSjWDqkjkulNXp2+w="
        },
        "web-animation-club": {
            "version": "0.6.0",
            "resolved": "https://registry.npmjs.org/web-animation-club/-/web-animation-club-0.6.0.tgz",
            "integrity": "sha512-9W+EQu1HiaPLe/7WZlhJ2ULqQ4VL80RPDYW+ZcjfTKp6ayOuT1k3SVO6+tu0VBRmOqueJ/mrG+rjjInIv8Aglg=="
        }
    }
}
